
Microsoft Visual Studio Solution File, Format Version 12.00
# Visual Studio Version 17
VisualStudioVersion = 17.1.32210.238
MinimumVisualStudioVersion = 10.0.40219.1
Project("{9A19103F-16F7-4668-BE54-9A1E7A4F7556}") = "My first project", "My first project.csproj", "{4B828B74-1698-4BD2-958B-130718FD4008}"
EndProject
Global
	GlobalSection(SolutionConfigurationPlatforms) = preSolution
		Debug|Any CPU = Debug|Any CPU
		Release|Any CPU = Release|Any CPU
	EndGlobalSection
	GlobalSection(ProjectConfigurationPlatforms) = postSolution
		{4B828B74-1698-4BD2-958B-130718FD4008}.Debug|Any CPU.ActiveCfg = Debug|Any CPU
		{4B828B74-1698-4BD2-958B-130718FD4008}.Debug|Any CPU.Build.0 = Debug|Any CPU
		{4B828B74-1698-4BD2-958B-130718FD4008}.Release|Any CPU.ActiveCfg = Release|Any CPU
		{4B828B74-1698-4BD2-958B-130718FD4008}.Release|Any CPU.Build.0 = Release|Any CPU
	EndGlobalSection
	GlobalSection(SolutionProperties) = preSolution
		HideSolutionNode = FALSE
	EndGlobalSection
	GlobalSection(ExtensibilityGlobals) = postSolution
		SolutionGuid = {15F00E67-ADCD-4C15-A448-B60B1269EB53}
	EndGlobalSection
EndGlobal
